
Microsoft Visual Studio Solution File, Format Version 12.00
# Visual Studio Version 17
VisualStudioVersion = 17.13.35825.156 d17.13
MinimumVisualStudioVersion = 10.0.40219.1
Project("{FAE04EC0-301F-11D3-BF4B-00C04F79EFBC}") = "codewarskatas", "codewarskatas\codewarskatas.csproj", "{CAC87556-140F-4895-850C-57615AECC905}"
EndProject
Global
	GlobalSection(SolutionConfigurationPlatforms) = preSolution
		Debug|Any CPU = Debug|Any CPU
		Release|Any CPU = Release|Any CPU
	EndGlobalSection
	GlobalSection(ProjectConfigurationPlatforms) = postSolution
		{CAC87556-140F-4895-850C-57615AECC905}.Debug|Any CPU.ActiveCfg = Debug|Any CPU
		{CAC87556-140F-4895-850C-57615AECC905}.Debug|Any CPU.Build.0 = Debug|Any CPU
		{CAC87556-140F-4895-850C-57615AECC905}.Release|Any CPU.ActiveCfg = Release|Any CPU
		{CAC87556-140F-4895-850C-57615AECC905}.Release|Any CPU.Build.0 = Release|Any CPU
	EndGlobalSection
	GlobalSection(SolutionProperties) = preSolution
		HideSolutionNode = FALSE
	EndGlobalSection
	GlobalSection(ExtensibilityGlobals) = postSolution
		SolutionGuid = {733AC620-C6CB-4FD0-A044-72B4A130E273}
	EndGlobalSection
EndGlobal
